
Microsoft Visual Studio Solution File, Format Version 12.00
# Visual Studio 15
VisualStudioVersion = 15.0.28307.421
MinimumVisualStudioVersion = 10.0.40219.1
Project("{FAE04EC0-301F-11D3-BF4B-00C04F79EFBC}") = "CustomRenderApp.Android", "CustomRenderApp\CustomRenderApp.Android\CustomRenderApp.Android.csproj", "{AF5147EE-E93F-4CCD-8EA0-3A4CFAF5A1C2}"
EndProject
Project("{FAE04EC0-301F-11D3-BF4B-00C04F79EFBC}") = "CustomRenderApp.iOS", "CustomRenderApp\CustomRenderApp.iOS\CustomRenderApp.iOS.csproj", "{70D55886-61A6-4F8C-BE96-1F5F03B19DB5}"
EndProject
Project("{FAE04EC0-301F-11D3-BF4B-00C04F79EFBC}") = "CustomRenderApp", "CustomRenderApp\CustomRenderApp\CustomRenderApp.csproj", "{7FB13BAC-221B-4327-AFBC-F62E65399A3B}"
EndProject
Global
	GlobalSection(SolutionConfigurationPlatforms) = preSolution
		Ad-Hoc|Any CPU = Ad-Hoc|Any CPU
		Ad-Hoc|ARM = Ad-Hoc|ARM
		Ad-Hoc|iPhone = Ad-Hoc|iPhone
		Ad-Hoc|iPhoneSimulator = Ad-Hoc|iPhoneSimulator
		Ad-Hoc|x64 = Ad-Hoc|x64
		Ad-Hoc|x86 = Ad-Hoc|x86
		AppStore|Any CPU = AppStore|Any CPU
		AppStore|ARM = AppStore|ARM
		AppStore|iPhone = AppStore|iPhone
		AppStore|iPhoneSimulator = AppStore|iPhoneSimulator
		AppStore|x64 = AppStore|x64
		AppStore|x86 = AppStore|x86
		Debug|Any CPU = Debug|Any CPU
		Debug|ARM = Debug|ARM
		Debug|iPhone = Debug|iPhone
		Debug|iPhoneSimulator = Debug|iPhoneSimulator
		Debug|x64 = Debug|x64
		Debug|x86 = Debug|x86
		Release|Any CPU = Release|Any CPU
		Release|ARM = Release|ARM
		Release|iPhone = Release|iPhone
		Release|iPhoneSimulator = Release|iPhoneSimulator
		Release|x64 = Release|x64
		Release|x86 = Release|x86
	EndGlobalSection
	GlobalSection(ProjectConfigurationPlatforms) = postSolution
		{AF5147EE-E93F-4CCD-8EA0-3A4CFAF5A1C2}.Ad-Hoc|Any CPU.ActiveCfg = Release|Any CPU
		{AF5147EE-E93F-4CCD-8EA0-3A4CFAF5A1C2}.Ad-Hoc|Any CPU.Build.0 = Release|Any CPU
		{AF5147EE-E93F-4CCD-8EA0-3A4CFAF5A1C2}.Ad-Hoc|Any CPU.Deploy.0 = Release|Any CPU
		{AF5147EE-E93F-4CCD-8EA0-3A4CFAF5A1C2}.Ad-Hoc|ARM.ActiveCfg = Release|Any CPU
		{AF5147EE-E93F-4CCD-8EA0-3A4CFAF5A1C2}.Ad-Hoc|ARM.Build.0 = Release|Any CPU
		{AF5147EE-E93F-4CCD-8EA0-3A4CFAF5A1C2}.Ad-Hoc|ARM.Deploy.0 = Release|Any CPU
		{AF5147EE-E93F-4CCD-8EA0-3A4CFAF5A1C2}.Ad-Hoc|iPhone.ActiveCfg = Release|Any CPU
		{AF5147EE-E93F-4CCD-8EA0-3A4CFAF5A1C2}.Ad-Hoc|iPhone.Build.0 = Release|Any CPU
		{AF5147EE-E93F-4CCD-8EA0-3A4CFAF5A1C2}.Ad-Hoc|iPhone.Deploy.0 = Release|Any CPU
		{AF5147EE-E93F-4CCD-8EA0-3A4CFAF5A1C2}.Ad-Hoc|iPhoneSimulator.ActiveCfg = Release|Any CPU
		{AF5147EE-E93F-4CCD-8EA0-3A4CFAF5A1C2}.Ad-Hoc|iPhoneSimulator.Build.0 = Release|Any CPU
		{AF5147EE-E93F-4CCD-8EA0-3A4CFAF5A1C2}.Ad-Hoc|iPhoneSimulator.Deploy.0 = Release|Any CPU
		{AF5147EE-E93F-4CCD-8EA0-3A4CFAF5A1C2}.Ad-Hoc|x64.ActiveCfg = Release|Any CPU
		{AF5147EE-E93F-4CCD-8EA0-3A4CFAF5A1C2}.Ad-Hoc|x64.Build.0 = Release|Any CPU
		{AF5147EE-E93F-4CCD-8EA0-3A4CFAF5A1C2}.Ad-Hoc|x64.Deploy.0 = Release|Any CPU
		{AF5147EE-E93F-4CCD-8EA0-3A4CFAF5A1C2}.Ad-Hoc|x86.ActiveCfg = Release|Any CPU
		{AF5147EE-E93F-4CCD-8EA0-3A4CFAF5A1C2}.Ad-Hoc|x86.Build.0 = Release|Any CPU
		{AF5147EE-E93F-4CCD-8EA0-3A4CFAF5A1C2}.Ad-Hoc|x86.Deploy.0 = Release|Any CPU
		{AF5147EE-E93F-4CCD-8EA0-3A4CFAF5A1C2}.AppStore|Any CPU.ActiveCfg = Release|Any CPU
		{AF5147EE-E93F-4CCD-8EA0-3A4CFAF5A1C2}.AppStore|Any CPU.Build.0 = Release|Any CPU
		{AF5147EE-E93F-4CCD-8EA0-3A4CFAF5A1C2}.AppStore|Any CPU.Deploy.0 = Release|Any CPU
		{AF5147EE-E93F-4CCD-8EA0-3A4CFAF5A1C2}.AppStore|ARM.ActiveCfg = Release|Any CPU
		{AF5147EE-E93F-4CCD-8EA0-3A4CFAF5A1C2}.AppStore|ARM.Build.0 = Release|Any CPU
		{AF5147EE-E93F-4CCD-8EA0-3A4CFAF5A1C2}.AppStore|ARM.Deploy.0 = Release|Any CPU
		{AF5147EE-E93F-4CCD-8EA0-3A4CFAF5A1C2}.AppStore|iPhone.ActiveCfg = Release|Any CPU
		{AF5147EE-E93F-4CCD-8EA0-3A4CFAF5A1C2}.AppStore|iPhone.Build.0 = Release|Any CPU
		{AF5147EE-E93F-4CCD-8EA0-3A4CFAF5A1C2}.AppStore|iPhone.Deploy.0 = Release|Any CPU
		{AF5147EE-E93F-4CCD-8EA0-3A4CFAF5A1C2}.AppStore|iPhoneSimulator.ActiveCfg = Release|Any CPU
		{AF5147EE-E93F-4CCD-8EA0-3A4CFAF5A1C2}.AppStore|iPhoneSimulator.Build.0 = Release|Any CPU
		{AF5147EE-E93F-4CCD-8EA0-3A4CFAF5A1C2}.AppStore|iPhoneSimulator.Deploy.0 = Release|Any CPU
		{AF5147EE-E93F-4CCD-8EA0-3A4CFAF5A1C2}.AppStore|x64.ActiveCfg = Release|Any CPU
		{AF5147EE-E93F-4CCD-8EA0-3A4CFAF5A1C2}.AppStore|x64.Build.0 = Release|Any CPU
		{AF5147EE-E93F-4CCD-8EA0-3A4CFAF5A1C2}.AppStore|x64.Deploy.0 = Release|Any CPU
		{AF5147EE-E93F-4CCD-8EA0-3A4CFAF5A1C2}.AppStore|x86.ActiveCfg = Release|Any CPU
		{AF5147EE-E93F-4CCD-8EA0-3A4CFAF5A1C2}.AppStore|x86.Build.0 = Release|Any CPU
		{AF5147EE-E93F-4CCD-8EA0-3A4CFAF5A1C2}.AppStore|x86.Deploy.0 = Release|Any CPU
		{AF5147EE-E93F-4CCD-8EA0-3A4CFAF5A1C2}.Debug|Any CPU.ActiveCfg = Debug|Any CPU
		{AF5147EE-E93F-4CCD-8EA0-3A4CFAF5A1C2}.Debug|Any CPU.Build.0 = Debug|Any CPU
		{AF5147EE-E93F-4CCD-8EA0-3A4CFAF5A1C2}.Debug|Any CPU.Deploy.0 = Debug|Any CPU
		{AF5147EE-E93F-4CCD-8EA0-3A4CFAF5A1C2}.Debug|ARM.ActiveCfg = Debug|Any CPU
		{AF5147EE-E93F-4CCD-8EA0-3A4CFAF5A1C2}.Debug|ARM.Build.0 = Debug|Any CPU
		{AF5147EE-E93F-4CCD-8EA0-3A4CFAF5A1C2}.Debug|ARM.Deploy.0 = Debug|Any CPU
		{AF5147EE-E93F-4CCD-8EA0-3A4CFAF5A1C2}.Debug|iPhone.ActiveCfg = Debug|Any CPU
		{AF5147EE-E93F-4CCD-8EA0-3A4CFAF5A1C2}.Debug|iPhone.Build.0 = Debug|Any CPU
		{AF5147EE-E93F-4CCD-8EA0-3A4CFAF5A1C2}.Debug|iPhone.Deploy.0 = Debug|Any CPU
		{AF5147EE-E93F-4CCD-8EA0-3A4CFAF5A1C2}.Debug|iPhoneSimulator.ActiveCfg = Debug|Any CPU
		{AF5147EE-E93F-4CCD-8EA0-3A4CFAF5A1C2}.Debug|iPhoneSimulator.Build.0 = Debug|Any CPU
		{AF5147EE-E93F-4CCD-8EA0-3A4CFAF5A1C2}.Debug|iPhoneSimulator.Deploy.0 = Debug|Any CPU
		{AF5147EE-E93F-4CCD-8EA0-3A4CFAF5A1C2}.Debug|x64.ActiveCfg = Debug|Any CPU
		{AF5147EE-E93F-4CCD-8EA0-3A4CFAF5A1C2}.Debug|x64.Build.0 = Debug|Any CPU
		{AF5147EE-E93F-4CCD-8EA0-3A4CFAF5A1C2}.Debug|x64.Deploy.0 = Debug|Any CPU
		{AF5147EE-E93F-4CCD-8EA0-3A4CFAF5A1C2}.Debug|x86.ActiveCfg = Debug|Any CPU
		{AF5147EE-E93F-4CCD-8EA0-3A4CFAF5A1C2}.Debug|x86.Build.0 = Debug|Any CPU
		{AF5147EE-E93F-4CCD-8EA0-3A4CFAF5A1C2}.Debug|x86.Deploy.0 = Debug|Any CPU
		{AF5147EE-E93F-4CCD-8EA0-3A4CFAF5A1C2}.Release|Any CPU.ActiveCfg = Release|Any CPU
		{AF5147EE-E93F-4CCD-8EA0-3A4CFAF5A1C2}.Release|Any CPU.Build.0 = Release|Any CPU
		{AF5147EE-E93F-4CCD-8EA0-3A4CFAF5A1C2}.Release|Any CPU.Deploy.0 = Release|Any CPU
		{AF5147EE-E93F-4CCD-8EA0-3A4CFAF5A1C2}.Release|ARM.ActiveCfg = Release|Any CPU
		{AF5147EE-E93F-4CCD-8EA0-3A4CFAF5A1C2}.Release|ARM.Build.0 = Release|Any CPU
		{AF5147EE-E93F-4CCD-8EA0-3A4CFAF5A1C2}.Release|ARM.Deploy.0 = Release|Any CPU
		{AF5147EE-E93F-4CCD-8EA0-3A4CFAF5A1C2}.Release|iPhone.ActiveCfg = Release|Any CPU
		{AF5147EE-E93F-4CCD-8EA0-3A4CFAF5A1C2}.Release|iPhone.Build.0 = Release|Any CPU
		{AF5147EE-E93F-4CCD-8EA0-3A4CFAF5A1C2}.Release|iPhone.Deploy.0 = Release|Any CPU
		{AF5147EE-E93F-4CCD-8EA0-3A4CFAF5A1C2}.Release|iPhoneSimulator.ActiveCfg = Release|Any CPU
		{AF5147EE-E93F-4CCD-8EA0-3A4CFAF5A1C2}.Release|iPhoneSimulator.Build.0 = Release|Any CPU
		{AF5147EE-E93F-4CCD-8EA0-3A4CFAF5A1C2}.Release|iPhoneSimulator.Deploy.0 = Release|Any CPU
		{AF5147EE-E93F-4CCD-8EA0-3A4CFAF5A1C2}.Release|x64.ActiveCfg = Release|Any CPU
		{AF5147EE-E93F-4CCD-8EA0-3A4CFAF5A1C2}.Release|x64.Build.0 = Release|Any CPU
		{AF5147EE-E93F-4CCD-8EA0-3A4CFAF5A1C2}.Release|x64.Deploy.0 = Release|Any CPU
		{AF5147EE-E93F-4CCD-8EA0-3A4CFAF5A1C2}.Release|x86.ActiveCfg = Release|Any CPU
		{AF5147EE-E93F-4CCD-8EA0-3A4CFAF5A1C2}.Release|x86.Build.0 = Release|Any CPU
		{AF5147EE-E93F-4CCD-8EA0-3A4CFAF5A1C2}.Release|x86.Deploy.0 = Release|Any CPU
		{70D55886-61A6-4F8C-BE96-1F5F03B19DB5}.Ad-Hoc|Any CPU.ActiveCfg = Ad-Hoc|iPhone
		{70D55886-61A6-4F8C-BE96-1F5F03B19DB5}.Ad-Hoc|Any CPU.Build.0 = Ad-Hoc|iPhone
		{70D55886-61A6-4F8C-BE96-1F5F03B19DB5}.Ad-Hoc|Any CPU.Deploy.0 = Ad-Hoc|iPhone
		{70D55886-61A6-4F8C-BE96-1F5F03B19DB5}.Ad-Hoc|ARM.ActiveCfg = Ad-Hoc|iPhone
		{70D55886-61A6-4F8C-BE96-1F5F03B19DB5}.Ad-Hoc|ARM.Build.0 = Ad-Hoc|iPhone
		{70D55886-61A6-4F8C-BE96-1F5F03B19DB5}.Ad-Hoc|ARM.Deploy.0 = Ad-Hoc|iPhone
		{70D55886-61A6-4F8C-BE96-1F5F03B19DB5}.Ad-Hoc|iPhone.ActiveCfg = Ad-Hoc|iPhone
		{70D55886-61A6-4F8C-BE96-1F5F03B19DB5}.Ad-Hoc|iPhone.Build.0 = Ad-Hoc|iPhone
		{70D55886-61A6-4F8C-BE96-1F5F03B19DB5}.Ad-Hoc|iPhone.Deploy.0 = Ad-Hoc|iPhone
		{70D55886-61A6-4F8C-BE96-1F5F03B19DB5}.Ad-Hoc|iPhoneSimulator.ActiveCfg = Ad-Hoc|iPhoneSimulator
		{70D55886-61A6-4F8C-BE96-1F5F03B19DB5}.Ad-Hoc|iPhoneSimulator.Build.0 = Ad-Hoc|iPhoneSimulator
		{70D55886-61A6-4F8C-BE96-1F5F03B19DB5}.Ad-Hoc|iPhoneSimulator.Deploy.0 = Ad-Hoc|iPhoneSimulator
		{70D55886-61A6-4F8C-BE96-1F5F03B19DB5}.Ad-Hoc|x64.ActiveCfg = Ad-Hoc|iPhone
		{70D55886-61A6-4F8C-BE96-1F5F03B19DB5}.Ad-Hoc|x64.Build.0 = Ad-Hoc|iPhone
		{70D55886-61A6-4F8C-BE96-1F5F03B19DB5}.Ad-Hoc|x64.Deploy.0 = Ad-Hoc|iPhone
		{70D55886-61A6-4F8C-BE96-1F5F03B19DB5}.Ad-Hoc|x86.ActiveCfg = Ad-Hoc|iPhone
		{70D55886-61A6-4F8C-BE96-1F5F03B19DB5}.Ad-Hoc|x86.Build.0 = Ad-Hoc|iPhone
		{70D55886-61A6-4F8C-BE96-1F5F03B19DB5}.Ad-Hoc|x86.Deploy.0 = Ad-Hoc|iPhone
		{70D55886-61A6-4F8C-BE96-1F5F03B19DB5}.AppStore|Any CPU.ActiveCfg = AppStore|iPhone
		{70D55886-61A6-4F8C-BE96-1F5F03B19DB5}.AppStore|Any CPU.Build.0 = AppStore|iPhone
		{70D55886-61A6-4F8C-BE96-1F5F03B19DB5}.AppStore|Any CPU.Deploy.0 = AppStore|iPhone
		{70D55886-61A6-4F8C-BE96-1F5F03B19DB5}.AppStore|ARM.ActiveCfg = AppStore|iPhone
		{70D55886-61A6-4F8C-BE96-1F5F03B19DB5}.AppStore|ARM.Build.0 = AppStore|iPhone
		{70D55886-61A6-4F8C-BE96-1F5F03B19DB5}.AppStore|ARM.Deploy.0 = AppStore|iPhone
		{70D55886-61A6-4F8C-BE96-1F5F03B19DB5}.AppStore|iPhone.ActiveCfg = AppStore|iPhone
		{70D55886-61A6-4F8C-BE96-1F5F03B19DB5}.AppStore|iPhone.Build.0 = AppStore|iPhone
		{70D55886-61A6-4F8C-BE96-1F5F03B19DB5}.AppStore|iPhone.Deploy.0 = AppStore|iPhone
		{70D55886-61A6-4F8C-BE96-1F5F03B19DB5}.AppStore|iPhoneSimulator.ActiveCfg = AppStore|iPhoneSimulator
		{70D55886-61A6-4F8C-BE96-1F5F03B19DB5}.AppStore|iPhoneSimulator.Build.0 = AppStore|iPhoneSimulator
		{70D55886-61A6-4F8C-BE96-1F5F03B19DB5}.AppStore|iPhoneSimulator.Deploy.0 = AppStore|iPhoneSimulator
		{70D55886-61A6-4F8C-BE96-1F5F03B19DB5}.AppStore|x64.ActiveCfg = AppStore|iPhone
		{70D55886-61A6-4F8C-BE96-1F5F03B19DB5}.AppStore|x64.Build.0 = AppStore|iPhone
		{70D55886-61A6-4F8C-BE96-1F5F03B19DB5}.AppStore|x64.Deploy.0 = AppStore|iPhone
		{70D55886-61A6-4F8C-BE96-1F5F03B19DB5}.AppStore|x86.ActiveCfg = AppStore|iPhone
		{70D55886-61A6-4F8C-BE96-1F5F03B19DB5}.AppStore|x86.Build.0 = AppStore|iPhone
		{70D55886-61A6-4F8C-BE96-1F5F03B19DB5}.AppStore|x86.Deploy.0 = AppStore|iPhone
		{70D55886-61A6-4F8C-BE96-1F5F03B19DB5}.Debug|Any CPU.ActiveCfg = Debug|iPhoneSimulator
		{70D55886-61A6-4F8C-BE96-1F5F03B19DB5}.Debug|Any CPU.Build.0 = Debug|iPhoneSimulator
		{70D55886-61A6-4F8C-BE96-1F5F03B19DB5}.Debug|Any CPU.Deploy.0 = Debug|iPhoneSimulator
		{70D55886-61A6-4F8C-BE96-1F5F03B19DB5}.Debug|ARM.ActiveCfg = Debug|iPhone
		{70D55886-61A6-4F8C-BE96-1F5F03B19DB5}.Debug|ARM.Build.0 = Debug|iPhone
		{70D55886-61A6-4F8C-BE96-1F5F03B19DB5}.Debug|ARM.Deploy.0 = Debug|iPhone
		{70D55886-61A6-4F8C-BE96-1F5F03B19DB5}.Debug|iPhone.ActiveCfg = Debug|iPhone
		{70D55886-61A6-4F8C-BE96-1F5F03B19DB5}.Debug|iPhone.Build.0 = Debug|iPhone
		{70D55886-61A6-4F8C-BE96-1F5F03B19DB5}.Debug|iPhone.Deploy.0 = Debug|iPhone
		{70D55886-61A6-4F8C-BE96-1F5F03B19DB5}.Debug|iPhoneSimulator.ActiveCfg = Debug|iPhoneSimulator
		{70D55886-61A6-4F8C-BE96-1F5F03B19DB5}.Debug|iPhoneSimulator.Build.0 = Debug|iPhoneSimulator
		{70D55886-61A6-4F8C-BE96-1F5F03B19DB5}.Debug|iPhoneSimulator.Deploy.0 = Debug|iPhoneSimulator
		{70D55886-61A6-4F8C-BE96-1F5F03B19DB5}.Debug|x64.ActiveCfg = Debug|iPhone
		{70D55886-61A6-4F8C-BE96-1F5F03B19DB5}.Debug|x64.Build.0 = Debug|iPhone
		{70D55886-61A6-4F8C-BE96-1F5F03B19DB5}.Debug|x64.Deploy.0 = Debug|iPhone
		{70D55886-61A6-4F8C-BE96-1F5F03B19DB5}.Debug|x86.ActiveCfg = Debug|iPhone
		{70D55886-61A6-4F8C-BE96-1F5F03B19DB5}.Debug|x86.Build.0 = Debug|iPhone
		{70D55886-61A6-4F8C-BE96-1F5F03B19DB5}.Debug|x86.Deploy.0 = Debug|iPhone
		{70D55886-61A6-4F8C-BE96-1F5F03B19DB5}.Release|Any CPU.ActiveCfg = Release|iPhone
		{70D55886-61A6-4F8C-BE96-1F5F03B19DB5}.Release|Any CPU.Build.0 = Release|iPhone
		{70D55886-61A6-4F8C-BE96-1F5F03B19DB5}.Release|Any CPU.Deploy.0 = Release|iPhone
		{70D55886-61A6-4F8C-BE96-1F5F03B19DB5}.Release|ARM.ActiveCfg = Release|iPhone
		{70D55886-61A6-4F8C-BE96-1F5F03B19DB5}.Release|ARM.Build.0 = Release|iPhone
		{70D55886-61A6-4F8C-BE96-1F5F03B19DB5}.Release|ARM.Deploy.0 = Release|iPhone
		{70D55886-61A6-4F8C-BE96-1F5F03B19DB5}.Release|iPhone.ActiveCfg = Release|iPhone
		{70D55886-61A6-4F8C-BE96-1F5F03B19DB5}.Release|iPhone.Build.0 = Release|iPhone
		{70D55886-61A6-4F8C-BE96-1F5F03B19DB5}.Release|iPhone.Deploy.0 = Release|iPhone
		{70D55886-61A6-4F8C-BE96-1F5F03B19DB5}.Release|iPhoneSimulator.ActiveCfg = Release|iPhoneSimulator
		{70D55886-61A6-4F8C-BE96-1F5F03B19DB5}.Release|iPhoneSimulator.Build.0 = Release|iPhoneSimulator
		{70D55886-61A6-4F8C-BE96-1F5F03B19DB5}.Release|iPhoneSimulator.Deploy.0 = Release|iPhoneSimulator
		{70D55886-61A6-4F8C-BE96-1F5F03B19DB5}.Release|x64.ActiveCfg = Release|iPhone
		{70D55886-61A6-4F8C-BE96-1F5F03B19DB5}.Release|x64.Build.0 = Release|iPhone
		{70D55886-61A6-4F8C-BE96-1F5F03B19DB5}.Release|x64.Deploy.0 = Release|iPhone
		{70D55886-61A6-4F8C-BE96-1F5F03B19DB5}.Release|x86.ActiveCfg = Release|iPhone
		{70D55886-61A6-4F8C-BE96-1F5F03B19DB5}.Release|x86.Build.0 = Release|iPhone
		{70D55886-61A6-4F8C-BE96-1F5F03B19DB5}.Release|x86.Deploy.0 = Release|iPhone
		{7FB13BAC-221B-4327-AFBC-F62E65399A3B}.Ad-Hoc|Any CPU.ActiveCfg = Debug|Any CPU
		{7FB13BAC-221B-4327-AFBC-F62E65399A3B}.Ad-Hoc|Any CPU.Build.0 = Debug|Any CPU
		{7FB13BAC-221B-4327-AFBC-F62E65399A3B}.Ad-Hoc|Any CPU.Deploy.0 = Debug|Any CPU
		{7FB13BAC-221B-4327-AFBC-F62E65399A3B}.Ad-Hoc|ARM.ActiveCfg = Debug|Any CPU
		{7FB13BAC-221B-4327-AFBC-F62E65399A3B}.Ad-Hoc|ARM.Build.0 = Debug|Any CPU
		{7FB13BAC-221B-4327-AFBC-F62E65399A3B}.Ad-Hoc|ARM.Deploy.0 = Debug|Any CPU
		{7FB13BAC-221B-4327-AFBC-F62E65399A3B}.Ad-Hoc|iPhone.ActiveCfg = Debug|Any CPU
		{7FB13BAC-221B-4327-AFBC-F62E65399A3B}.Ad-Hoc|iPhone.Build.0 = Debug|Any CPU
		{7FB13BAC-221B-4327-AFBC-F62E65399A3B}.Ad-Hoc|iPhone.Deploy.0 = Debug|Any CPU
		{7FB13BAC-221B-4327-AFBC-F62E65399A3B}.Ad-Hoc|iPhoneSimulator.ActiveCfg = Debug|Any CPU
		{7FB13BAC-221B-4327-AFBC-F62E65399A3B}.Ad-Hoc|iPhoneSimulator.Build.0 = Debug|Any CPU
		{7FB13BAC-221B-4327-AFBC-F62E65399A3B}.Ad-Hoc|iPhoneSimulator.Deploy.0 = Debug|Any CPU
		{7FB13BAC-221B-4327-AFBC-F62E65399A3B}.Ad-Hoc|x64.ActiveCfg = Debug|Any CPU
		{7FB13BAC-221B-4327-AFBC-F62E65399A3B}.Ad-Hoc|x64.Build.0 = Debug|Any CPU
		{7FB13BAC-221B-4327-AFBC-F62E65399A3B}.Ad-Hoc|x64.Deploy.0 = Debug|Any CPU
		{7FB13BAC-221B-4327-AFBC-F62E65399A3B}.Ad-Hoc|x86.ActiveCfg = Debug|Any CPU
		{7FB13BAC-221B-4327-AFBC-F62E65399A3B}.Ad-Hoc|x86.Build.0 = Debug|Any CPU
		{7FB13BAC-221B-4327-AFBC-F62E65399A3B}.Ad-Hoc|x86.Deploy.0 = Debug|Any CPU
		{7FB13BAC-221B-4327-AFBC-F62E65399A3B}.AppStore|Any CPU.ActiveCfg = Debug|Any CPU
		{7FB13BAC-221B-4327-AFBC-F62E65399A3B}.AppStore|Any CPU.Build.0 = Debug|Any CPU
		{7FB13BAC-221B-4327-AFBC-F62E65399A3B}.AppStore|Any CPU.Deploy.0 = Debug|Any CPU
		{7FB13BAC-221B-4327-AFBC-F62E65399A3B}.AppStore|ARM.ActiveCfg = Debug|Any CPU
		{7FB13BAC-221B-4327-AFBC-F62E65399A3B}.AppStore|ARM.Build.0 = Debug|Any CPU
		{7FB13BAC-221B-4327-AFBC-F62E65399A3B}.AppStore|ARM.Deploy.0 = Debug|Any CPU
		{7FB13BAC-221B-4327-AFBC-F62E65399A3B}.AppStore|iPhone.ActiveCfg = Debug|Any CPU
		{7FB13BAC-221B-4327-AFBC-F62E65399A3B}.AppStore|iPhone.Build.0 = Debug|Any CPU
		{7FB13BAC-221B-4327-AFBC-F62E65399A3B}.AppStore|iPhone.Deploy.0 = Debug|Any CPU
		{7FB13BAC-221B-4327-AFBC-F62E65399A3B}.AppStore|iPhoneSimulator.ActiveCfg = Debug|Any CPU
		{7FB13BAC-221B-4327-AFBC-F62E65399A3B}.AppStore|iPhoneSimulator.Build.0 = Debug|Any CPU
		{7FB13BAC-221B-4327-AFBC-F62E65399A3B}.AppStore|iPhoneSimulator.Deploy.0 = Debug|Any CPU
		{7FB13BAC-221B-4327-AFBC-F62E65399A3B}.AppStore|x64.ActiveCfg = Debug|Any CPU
		{7FB13BAC-221B-4327-AFBC-F62E65399A3B}.AppStore|x64.Build.0 = Debug|Any CPU
		{7FB13BAC-221B-4327-AFBC-F62E65399A3B}.AppStore|x64.Deploy.0 = Debug|Any CPU
		{7FB13BAC-221B-4327-AFBC-F62E65399A3B}.AppStore|x86.ActiveCfg = Debug|Any CPU
		{7FB13BAC-221B-4327-AFBC-F62E65399A3B}.AppStore|x86.Build.0 = Debug|Any CPU
		{7FB13BAC-221B-4327-AFBC-F62E65399A3B}.AppStore|x86.Deploy.0 = Debug|Any CPU
		{7FB13BAC-221B-4327-AFBC-F62E65399A3B}.Debug|Any CPU.ActiveCfg = Debug|Any CPU
		{7FB13BAC-221B-4327-AFBC-F62E65399A3B}.Debug|Any CPU.Build.0 = Debug|Any CPU
		{7FB13BAC-221B-4327-AFBC-F62E65399A3B}.Debug|Any CPU.Deploy.0 = Debug|Any CPU
		{7FB13BAC-221B-4327-AFBC-F62E65399A3B}.Debug|ARM.ActiveCfg = Debug|Any CPU
		{7FB13BAC-221B-4327-AFBC-F62E65399A3B}.Debug|ARM.Build.0 = Debug|Any CPU
		{7FB13BAC-221B-4327-AFBC-F62E65399A3B}.Debug|ARM.Deploy.0 = Debug|Any CPU
		{7FB13BAC-221B-4327-AFBC-F62E65399A3B}.Debug|iPhone.ActiveCfg = Debug|Any CPU
		{7FB13BAC-221B-4327-AFBC-F62E65399A3B}.Debug|iPhone.Build.0 = Debug|Any CPU
		{7FB13BAC-221B-4327-AFBC-F62E65399A3B}.Debug|iPhone.Deploy.0 = Debug|Any CPU
		{7FB13BAC-221B-4327-AFBC-F62E65399A3B}.Debug|iPhoneSimulator.ActiveCfg = Debug|Any CPU
		{7FB13BAC-221B-4327-AFBC-F62E65399A3B}.Debug|iPhoneSimulator.Build.0 = Debug|Any CPU
		{7FB13BAC-221B-4327-AFBC-F62E65399A3B}.Debug|iPhoneSimulator.Deploy.0 = Debug|Any CPU
		{7FB13BAC-221B-4327-AFBC-F62E65399A3B}.Debug|x64.ActiveCfg = Debug|Any CPU
		{7FB13BAC-221B-4327-AFBC-F62E65399A3B}.Debug|x64.Build.0 = Debug|Any CPU
		{7FB13BAC-221B-4327-AFBC-F62E65399A3B}.Debug|x64.Deploy.0 = Debug|Any CPU
		{7FB13BAC-221B-4327-AFBC-F62E65399A3B}.Debug|x86.ActiveCfg = Debug|Any CPU
		{7FB13BAC-221B-4327-AFBC-F62E65399A3B}.Debug|x86.Build.0 = Debug|Any CPU
		{7FB13BAC-221B-4327-AFBC-F62E65399A3B}.Debug|x86.Deploy.0 = Debug|Any CPU
		{7FB13BAC-221B-4327-AFBC-F62E65399A3B}.Release|Any CPU.ActiveCfg = Release|Any CPU
		{7FB13BAC-221B-4327-AFBC-F62E65399A3B}.Release|Any CPU.Build.0 = Release|Any CPU
		{7FB13BAC-221B-4327-AFBC-F62E65399A3B}.Release|Any CPU.Deploy.0 = Release|Any CPU
		{7FB13BAC-221B-4327-AFBC-F62E65399A3B}.Release|ARM.ActiveCfg = Release|Any CPU
		{7FB13BAC-221B-4327-AFBC-F62E65399A3B}.Release|ARM.Build.0 = Release|Any CPU
		{7FB13BAC-221B-4327-AFBC-F62E65399A3B}.Release|ARM.Deploy.0 = Release|Any CPU
		{7FB13BAC-221B-4327-AFBC-F62E65399A3B}.Release|iPhone.ActiveCfg = Release|Any CPU
		{7FB13BAC-221B-4327-AFBC-F62E65399A3B}.Release|iPhone.Build.0 = Release|Any CPU
		{7FB13BAC-221B-4327-AFBC-F62E65399A3B}.Release|iPhone.Deploy.0 = Release|Any CPU
		{7FB13BAC-221B-4327-AFBC-F62E65399A3B}.Release|iPhoneSimulator.ActiveCfg = Release|Any CPU
		{7FB13BAC-221B-4327-AFBC-F62E65399A3B}.Release|iPhoneSimulator.Build.0 = Release|Any CPU
		{7FB13BAC-221B-4327-AFBC-F62E65399A3B}.Release|iPhoneSimulator.Deploy.0 = Release|Any CPU
		{7FB13BAC-221B-4327-AFBC-F62E65399A3B}.Release|x64.ActiveCfg = Release|Any CPU
		{7FB13BAC-221B-4327-AFBC-F62E65399A3B}.Release|x64.Build.0 = Release|Any CPU
		{7FB13BAC-221B-4327-AFBC-F62E65399A3B}.Release|x64.Deploy.0 = Release|Any CPU
		{7FB13BAC-221B-4327-AFBC-F62E65399A3B}.Release|x86.ActiveCfg = Release|Any CPU
		{7FB13BAC-221B-4327-AFBC-F62E65399A3B}.Release|x86.Build.0 = Release|Any CPU
		{7FB13BAC-221B-4327-AFBC-F62E65399A3B}.Release|x86.Deploy.0 = Release|Any CPU
	EndGlobalSection
	GlobalSection(SolutionProperties) = preSolution
		HideSolutionNode = FALSE
	EndGlobalSection
	GlobalSection(ExtensibilityGlobals) = postSolution
		SolutionGuid = {C4CB72F9-976D-4A6F-B79D-30CC31167F9E}
	EndGlobalSection
EndGlobal
